
Microsoft Visual Studio Solution File, Format Version 12.00
# Visual Studio Version 16
VisualStudioVersion = 16.0.30413.136
MinimumVisualStudioVersion = 10.0.40219.1
Project("{FAE04EC0-301F-11D3-BF4B-00C04F79EFBC}") = "MultiLanguage", "MultiLanguage\MultiLanguage.csproj", "{360704A4-F523-4834-8D3C-226EE4462609}"
EndProject
Global
	GlobalSection(SolutionConfigurationPlatforms) = preSolution
		Debug|Any CPU = Debug|Any CPU
		Release|Any CPU = Release|Any CPU
	EndGlobalSection
	GlobalSection(ProjectConfigurationPlatforms) = postSolution
		{360704A4-F523-4834-8D3C-226EE4462609}.Debug|Any CPU.ActiveCfg = Debug|Any CPU
		{360704A4-F523-4834-8D3C-226EE4462609}.Debug|Any CPU.Build.0 = Debug|Any CPU
		{360704A4-F523-4834-8D3C-226EE4462609}.Release|Any CPU.ActiveCfg = Release|Any CPU
		{360704A4-F523-4834-8D3C-226EE4462609}.Release|Any CPU.Build.0 = Release|Any CPU
	EndGlobalSection
	GlobalSection(SolutionProperties) = preSolution
		HideSolutionNode = FALSE
	EndGlobalSection
	GlobalSection(ExtensibilityGlobals) = postSolution
		SolutionGuid = {7208AF48-A9A9-4A21-952D-6504E8BD2B6A}
	EndGlobalSection
EndGlobal
